
Microsoft Visual Studio Solution File, Format Version 12.00
# Visual Studio Version 17
VisualStudioVersion = 17.8.34525.116
MinimumVisualStudioVersion = 10.0.40219.1
Project("{9A19103F-16F7-4668-BE54-9A1E7A4F7556}") = "NZWalks.API", "NZWalks.API\NZWalks.API.csproj", "{8DFBF003-FF71-4A69-92BE-951AF0F41702}"
EndProject
Project("{FAE04EC0-301F-11D3-BF4B-00C04F79EFBC}") = "NZWalks.Tests", "NZWalks.Tests\NZWalks.Tests.csproj", "{767DA343-F2C2-4046-B142-7DE7BE88668E}"
EndProject
Global
	GlobalSection(SolutionConfigurationPlatforms) = preSolution
		Debug|Any CPU = Debug|Any CPU
		Release|Any CPU = Release|Any CPU
	EndGlobalSection
	GlobalSection(ProjectConfigurationPlatforms) = postSolution
		{8DFBF003-FF71-4A69-92BE-951AF0F41702}.Debug|Any CPU.ActiveCfg = Debug|Any CPU
		{8DFBF003-FF71-4A69-92BE-951AF0F41702}.Debug|Any CPU.Build.0 = Debug|Any CPU
		{8DFBF003-FF71-4A69-92BE-951AF0F41702}.Release|Any CPU.ActiveCfg = Release|Any CPU
		{8DFBF003-FF71-4A69-92BE-951AF0F41702}.Release|Any CPU.Build.0 = Release|Any CPU
		{767DA343-F2C2-4046-B142-7DE7BE88668E}.Debug|Any CPU.ActiveCfg = Debug|Any CPU
		{767DA343-F2C2-4046-B142-7DE7BE88668E}.Debug|Any CPU.Build.0 = Debug|Any CPU
		{767DA343-F2C2-4046-B142-7DE7BE88668E}.Release|Any CPU.ActiveCfg = Release|Any CPU
		{767DA343-F2C2-4046-B142-7DE7BE88668E}.Release|Any CPU.Build.0 = Release|Any CPU
	EndGlobalSection
	GlobalSection(SolutionProperties) = preSolution
		HideSolutionNode = FALSE
	EndGlobalSection
	GlobalSection(ExtensibilityGlobals) = postSolution
		SolutionGuid = {C42FDAC2-873E-47B5-9D0D-7C781ADA59D2}
	EndGlobalSection
EndGlobal
